// !$*UTF8*$!
{
	archiveVersion = 1;
	classes = {
	};
	objectVersion = 50;
	objects = {

/* Begin PBXBuildFile section */
		0E8938FA2082C65B00E43978 /* AppDelegate.swift in Sources */ = {isa = PBXBuildFile; fileRef = 0E8938F92082C65B00E43978 /* AppDelegate.swift */; };
		0E8938FC2082C65B00E43978 /* ViewController.swift in Sources */ = {isa = PBXBuildFile; fileRef = 0E8938FB2082C65B00E43978 /* ViewController.swift */; };
		0E8938FF2082C65B00E43978 /* Main.storyboard in Resources */ = {isa = PBXBuildFile; fileRef = 0E8938FD2082C65B00E43978 /* Main.storyboard */; };
		0E8939012082C65D00E43978 /* Assets.xcassets in Resources */ = {isa = PBXBuildFile; fileRef = 0E8939002082C65D00E43978 /* Assets.xcassets */; };
		0E8939042082C65D00E43978 /* LaunchScreen.storyboard in Resources */ = {isa = PBXBuildFile; fileRef = 0E8939022082C65D00E43978 /* LaunchScreen.storyboard */; };
		0E89390F2082C65E00E43978 /* rosebudTests.swift in Sources */ = {isa = PBXBuildFile; fileRef = 0E89390E2082C65E00E43978 /* rosebudTests.swift */; };
		0E89391A2082C65E00E43978 /* rosebudUITests.swift in Sources */ = {isa = PBXBuildFile; fileRef = 0E8939192082C65E00E43978 /* rosebudUITests.swift */; };
/* End PBXBuildFile section */

/* Begin PBXContainerItemProxy section */
		0E89390B2082C65E00E43978 /* PBXContainerItemProxy */ = {
			isa = PBXContainerItemProxy;
			containerPortal = 0E8938EE2082C65B00E43978 /* Project object */;
			proxyType = 1;
			remoteGlobalIDString = 0E8938F52082C65B00E43978;
			remoteInfo = rosebud;
		};
		0E8939162082C65E00E43978 /* PBXContainerItemProxy */ = {
			isa = PBXContainerItemProxy;
			containerPortal = 0E8938EE2082C65B00E43978 /* Project object */;
			proxyType = 1;
			remoteGlobalIDString = 0E8938F52082C65B00E43978;
			remoteInfo = rosebud;
		};
/* End PBXContainerItemProxy section */

/* Begin PBXFileReference section */
		0E8938F62082C65B00E43978 /* rosebud.app */ = {isa = PBXFileReference; explicitFileType = wrapper.application; includeInIndex = 0; path = rosebud.app; sourceTree = BUILT_PRODUCTS_DIR; };
		0E8938F92082C65B00E43978 /* AppDelegate.swift */ = {isa = PBXFileReference; lastKnownFileType = sourcecode.swift; path = AppDelegate.swift; sourceTree = "<group>"; };
		0E8938FB2082C65B00E43978 /* ViewController.swift */ = {isa = PBXFileReference; lastKnownFileType = sourcecode.swift; path = ViewController.swift; sourceTree = "<group>"; };
		0E8938FE2082C65B00E43978 /* Base */ = {isa = PBXFileReference; lastKnownFileType = file.storyboard; name = Base; path = Base.lproj/Main.storyboard; sourceTree = "<group>"; };
		0E8939002082C65D00E43978 /* Assets.xcassets */ = {isa = PBXFileReference; lastKnownFileType = folder.assetcatalog; path = Assets.xcassets; sourceTree = "<group>"; };
		0E8939032082C65D00E43978 /* Base */ = {isa = PBXFileReference; lastKnownFileType = file.storyboard; name = Base; path = Base.lproj/LaunchScreen.storyboard; sourceTree = "<group>"; };
		0E8939052082C65D00E43978 /* Info.plist */ = {isa = PBXFileReference; lastKnownFileType = text.plist.xml; path = Info.plist; sourceTree = "<group>"; };
		0E89390A2082C65E00E43978 /* rosebudTests.xctest */ = {isa = PBXFileReference; explicitFileType = wrapper.cfbundle; includeInIndex = 0; path = rosebudTests.xctest; sourceTree = BUILT_PRODUCTS_DIR; };
		0E89390E2082C65E00E43978 /* rosebudTests.swift */ = {isa = PBXFileReference; lastKnownFileType = sourcecode.swift; path = rosebudTests.swift; sourceTree = "<group>"; };
		0E8939102082C65E00E43978 /* Info.plist */ = {isa = PBXFileReference; lastKnownFileType = text.plist.xml; path = Info.plist; sourceTree = "<group>"; };
		0E8939152082C65E00E43978 /* rosebudUITests.xctest */ = {isa = PBXFileReference; explicitFileType = wrapper.cfbundle; includeInIndex = 0; path = rosebudUITests.xctest; sourceTree = BUILT_PRODUCTS_DIR; };
		0E8939192082C65E00E43978 /* rosebudUITests.swift */ = {isa = PBXFileReference; lastKnownFileType = sourcecode.swift; path = rosebudUITests.swift; sourceTree = "<group>"; };
		0E89391B2082C65E00E43978 /* Info.plist */ = {isa = PBXFileReference; lastKnownFileType = text.plist.xml; path = Info.plist; sourceTree = "<group>"; };
/* End PBXFileReference section */

/* Begin PBXFrameworksBuildPhase section */
		0E8938F32082C65B00E43978 /* Frameworks */ = {
			isa = PBXFrameworksBuildPhase;
			buildActionMask = 2147483647;
			files = (
			);
			runOnlyForDeploymentPostprocessing = 0;
		};
		0E8939072082C65E00E43978 /* Frameworks */ = {
			isa = PBXFrameworksBuildPhase;
			buildActionMask = 2147483647;
			files = (
			);
			runOnlyForDeploymentPostprocessing = 0;
		};
		0E8939122082C65E00E43978 /* Frameworks */ = {
			isa = PBXFrameworksBuildPhase;
			buildActionMask = 2147483647;
			files = (
			);
			runOnlyForDeploymentPostprocessing = 0;
		};
/* End PBXFrameworksBuildPhase section */

/* Begin PBXGroup section */
		0E8938ED2082C65B00E43978 = {
			isa = PBXGroup;
			children = (
				0E8938F82082C65B00E43978 /* rosebud */,
				0E89390D2082C65E00E43978 /* rosebudTests */,
				0E8939182082C65E00E43978 /* rosebudUITests */,
				0E8938F72082C65B00E43978 /* Products */,
			);
			sourceTree = "<group>";
		};
		0E8938F72082C65B00E43978 /* Products */ = {
			isa = PBXGroup;
			children = (
				0E8938F62082C65B00E43978 /* rosebud.app */,
				0E89390A2082C65E00E43978 /* rosebudTests.xctest */,
				0E8939152082C65E00E43978 /* rosebudUITests.xctest */,
			);
			name = Products;
			sourceTree = "<group>";
		};
		0E8938F82082C65B00E43978 /* rosebud */ = {
			isa = PBXGroup;
			children = (
				0E8938F92082C65B00E43978 /* AppDelegate.swift */,
				0E8938FB2082C65B00E43978 /* ViewController.swift */,
				0E8938FD2082C65B00E43978 /* Main.storyboard */,
				0E8939002082C65D00E43978 /* Assets.xcassets */,
				0E8939022082C65D00E43978 /* LaunchScreen.storyboard */,
				0E8939052082C65D00E43978 /* Info.plist */,
			);
			path = rosebud;
			sourceTree = "<group>";
		};
		0E89390D2082C65E00E43978 /* rosebudTests */ = {
			isa = PBXGroup;
			children = (
				0E89390E2082C65E00E43978 /* rosebudTests.swift */,
				0E8939102082C65E00E43978 /* Info.plist */,
			);
			path = rosebudTests;
			sourceTree = "<group>";
		};
		0E8939182082C65E00E43978 /* rosebudUITests */ = {
			isa = PBXGroup;
			children = (
				0E8939192082C65E00E43978 /* rosebudUITests.swift */,
				0E89391B2082C65E00E43978 /* Info.plist */,
			);
			path = rosebudUITests;
			sourceTree = "<group>";
		};
/* End PBXGroup section */

/* Begin PBXNativeTarget section */
		0E8938F52082C65B00E43978 /* rosebud */ = {
			isa = PBXNativeTarget;
			buildConfigurationList = 0E89391E2082C65E00E43978 /* Build configuration list for PBXNativeTarget "rosebud" */;
			buildPhases = (
				0E8938F22082C65B00E43978 /* Sources */,
				0E8938F32082C65B00E43978 /* Frameworks */,
				0E8938F42082C65B00E43978 /* Resources */,
			);
			buildRules = (
			);
			dependencies = (
			);
			name = rosebud;
			productName = rosebud;
			productReference = 0E8938F62082C65B00E43978 /* rosebud.app */;
			productType = "com.apple.product-type.application";
		};
		0E8939092082C65E00E43978 /* rosebudTests */ = {
			isa = PBXNativeTarget;
			buildConfigurationList = 0E8939212082C65E00E43978 /* Build configuration list for PBXNativeTarget "rosebudTests" */;
			buildPhases = (
				0E8939062082C65E00E43978 /* Sources */,
				0E8939072082C65E00E43978 /* Frameworks */,
				0E8939082082C65E00E43978 /* Resources */,
			);
			buildRules = (
			);
			dependencies = (
				0E89390C2082C65E00E43978 /* PBXTargetDependency */,
			);
			name = rosebudTests;
			productName = rosebudTests;
			productReference = 0E89390A2082C65E00E43978 /* rosebudTests.xctest */;
			productType = "com.apple.product-type.bundle.unit-test";
		};
		0E8939142082C65E00E43978 /* rosebudUITests */ = {
			isa = PBXNativeTarget;
			buildConfigurationList = 0E8939242082C65E00E43978 /* Build configuration list for PBXNativeTarget "rosebudUITests" */;
			buildPhases = (
				0E8939112082C65E00E43978 /* Sources */,
				0E8939122082C65E00E43978 /* Frameworks */,
				0E8939132082C65E00E43978 /* Resources */,
			);
			buildRules = (
			);
			dependencies = (
				0E8939172082C65E00E43978 /* PBXTargetDependency */,
			);
			name = rosebudUITests;
			productName = rosebudUITests;
			productReference = 0E8939152082C65E00E43978 /* rosebudUITests.xctest */;
			productType = "com.apple.product-type.bundle.ui-testing";
		};
/* End PBXNativeTarget section */

/* Begin PBXProject section */
		0E8938EE2082C65B00E43978 /* Project object */ = {
			isa = PBXProject;
			attributes = {
				LastSwiftUpdateCheck = 0930;
				LastUpgradeCheck = 0930;
				TargetAttributes = {
					0E8938F52082C65B00E43978 = {
						CreatedOnToolsVersion = 9.3;
					};
					0E8939092082C65E00E43978 = {
						CreatedOnToolsVersion = 9.3;
						TestTargetID = 0E8938F52082C65B00E43978;
					};
					0E8939142082C65E00E43978 = {
						CreatedOnToolsVersion = 9.3;
						TestTargetID = 0E8938F52082C65B00E43978;
					};
				};
			};
			buildConfigurationList = 0E8938F12082C65B00E43978 /* Build configuration list for PBXProject "rosebud" */;
			compatibilityVersion = "Xcode 9.3";
			developmentRegion = en;
			hasScannedForEncodings = 0;
			knownRegions = (
				en,
				Base,
			);
			mainGroup = 0E8938ED2082C65B00E43978;
			productRefGroup = 0E8938F72082C65B00E43978 /* Products */;
			projectDirPath = "";
			projectRoot = "";
			targets = (
				0E8938F52082C65B00E43978 /* rosebud */,
				0E8939092082C65E00E43978 /* rosebudTests */,
				0E8939142082C65E00E43978 /* rosebudUITests */,
			);
		};
/* End PBXProject section */

/* Begin PBXResourcesBuildPhase section */
		0E8938F42082C65B00E43978 /* Resources */ = {
			isa = PBXResourcesBuildPhase;
			buildActionMask = 2147483647;
			files = (
				0E8939042082C65D00E43978 /* LaunchScreen.storyboard in Resources */,
				0E8939012082C65D00E43978 /* Assets.xcassets in Resources */,
				0E8938FF2082C65B00E43978 /* Main.storyboard in Resources */,
			);
			runOnlyForDeploymentPostprocessing = 0;
		};
		0E8939082082C65E00E43978 /* Resources */ = {
			isa = PBXResourcesBuildPhase;
			buildActionMask = 2147483647;
			files = (
			);
			runOnlyForDeploymentPostprocessing = 0;
		};
		0E8939132082C65E00E43978 /* Resources */ = {
			isa = PBXResourcesBuildPhase;
			buildActionMask = 2147483647;
			files = (
			);
			runOnlyForDeploymentPostprocessing = 0;
		};
/* End PBXResourcesBuildPhase section */

/* Begin PBXSourcesBuildPhase section */
		0E8938F22082C65B00E43978 /* Sources */ = {
			isa = PBXSourcesBuildPhase;
			buildActionMask = 2147483647;
			files = (
				0E8938FC2082C65B00E43978 /* ViewController.swift in Sources */,
				0E8938FA2082C65B00E43978 /* AppDelegate.swift in Sources */,
			);
			runOnlyForDeploymentPostprocessing = 0;
		};
		0E8939062082C65E00E43978 /* Sources */ = {
			isa = PBXSourcesBuildPhase;
			buildActionMask = 2147483647;
			files = (
				0E89390F2082C65E00E43978 /* rosebudTests.swift in Sources */,
			);
			runOnlyForDeploymentPostprocessing = 0;
		};
		0E8939112082C65E00E43978 /* Sources */ = {
			isa = PBXSourcesBuildPhase;
			buildActionMask = 2147483647;
			files = (
				0E89391A2082C65E00E43978 /* rosebudUITests.swift in Sources */,
			);
			runOnlyForDeploymentPostprocessing = 0;
		};
/* End PBXSourcesBuildPhase section */

/* Begin PBXTargetDependency section */
		0E89390C2082C65E00E43978 /* PBXTargetDependency */ = {
			isa = PBXTargetDependency;
			target = 0E8938F52082C65B00E43978 /* rosebud */;
			targetProxy = 0E89390B2082C65E00E43978 /* PBXContainerItemProxy */;
		};
		0E8939172082C65E00E43978 /* PBXTargetDependency */ = {
			isa = PBXTargetDependency;
			target = 0E8938F52082C65B00E43978 /* rosebud */;
			targetProxy = 0E8939162082C65E00E43978 /* PBXContainerItemProxy */;
		};
/* End PBXTargetDependency section */

/* Begin PBXVariantGroup section */
		0E8938FD2082C65B00E43978 /* Main.storyboard */ = {
			isa = PBXVariantGroup;
			children = (
				0E8938FE2082C65B00E43978 /* Base */,
			);
			name = Main.storyboard;
			sourceTree = "<group>";
		};
		0E8939022082C65D00E43978 /* LaunchScreen.storyboard */ = {
			isa = PBXVariantGroup;
			children = (
				0E8939032082C65D00E43978 /* Base */,
			);
			name = LaunchScreen.storyboard;
			sourceTree = "<group>";
		};
/* End PBXVariantGroup section */

/* Begin XCBuildConfiguration section */
		0E89391C2082C65E00E43978 /* Debug */ = {
			isa = XCBuildConfiguration;
			buildSettings = {
				ALWAYS_SEARCH_USER_PATHS = NO;
				CLANG_ANALYZER_NONNULL = YES;
				CLANG_ANALYZER_NUMBER_OBJECT_CONVERSION = YES_AGGRESSIVE;
				CLANG_CXX_LANGUAGE_STANDARD = "gnu++14";
				CLANG_CXX_LIBRARY = "libc++";
				CLANG_ENABLE_MODULES = YES;
				CLANG_ENABLE_OBJC_ARC = YES;
				CLANG_ENABLE_OBJC_WEAK = YES;
				CLANG_WARN_BLOCK_CAPTURE_AUTORELEASING = YES;
				CLANG_WARN_BOOL_CONVERSION = YES;
				CLANG_WARN_COMMA = YES;
				CLANG_WARN_CONSTANT_CONVERSION = YES;
				CLANG_WARN_DEPRECATED_OBJC_IMPLEMENTATIONS = YES;
				CLANG_WARN_DIRECT_OBJC_ISA_USAGE = YES_ERROR;
				CLANG_WARN_DOCUMENTATION_COMMENTS = YES;
				CLANG_WARN_EMPTY_BODY = YES;
				CLANG_WARN_ENUM_CONVERSION = YES;
				CLANG_WARN_INFINITE_RECURSION = YES;
				CLANG_WARN_INT_CONVERSION = YES;
				CLANG_WARN_NON_LITERAL_NULL_CONVERSION = YES;
				CLANG_WARN_OBJC_IMPLICIT_RETAIN_SELF = YES;
				CLANG_WARN_OBJC_LITERAL_CONVERSION = YES;
				CLANG_WARN_OBJC_ROOT_CLASS = YES_ERROR;
				CLANG_WARN_RANGE_LOOP_ANALYSIS = YES;
				CLANG_WARN_STRICT_PROTOTYPES = YES;
				CLANG_WARN_SUSPICIOUS_MOVE = YES;
				CLANG_WARN_UNGUARDED_AVAILABILITY = YES_AGGRESSIVE;
				CLANG_WARN_UNREACHABLE_CODE = YES;
				CLANG_WARN__DUPLICATE_METHOD_MATCH = YES;
				CODE_SIGN_IDENTITY = "iPhone Developer";
				COPY_PHASE_STRIP = NO;
				DEBUG_INFORMATION_FORMAT = dwarf;
				ENABLE_STRICT_OBJC_MSGSEND = YES;
				ENABLE_TESTABILITY = YES;
				GCC_C_LANGUAGE_STANDARD = gnu11;
				GCC_DYNAMIC_NO_PIC = NO;
				GCC_NO_COMMON_BLOCKS = YES;
				GCC_OPTIMIZATION_LEVEL = 0;
				GCC_PREPROCESSOR_DEFINITIONS = (
					"DEBUG=1",
					"$(inherited)",
				);
				GCC_WARN_64_TO_32_BIT_CONVERSION = YES;
				GCC_WARN_ABOUT_RETURN_TYPE = YES_ERROR;
				GCC_WARN_UNDECLARED_SELECTOR = YES;
				GCC_WARN_UNINITIALIZED_AUTOS = YES_AGGRESSIVE;
				GCC_WARN_UNUSED_FUNCTION = YES;
				GCC_WARN_UNUSED_VARIABLE = YES;
				IPHONEOS_DEPLOYMENT_TARGET = 11.3;
				MTL_ENABLE_DEBUG_INFO = YES;
				ONLY_ACTIVE_ARCH = YES;
				SDKROOT = iphoneos;
				SWIFT_ACTIVE_COMPILATION_CONDITIONS = DEBUG;
				SWIFT_OPTIMIZATION_LEVEL = "-Onone";
			};
			name = Debug;
		};
		0E89391D2082C65E00E43978 /* Release */ = {
			isa = XCBuildConfiguration;
			buildSettings = {
				ALWAYS_SEARCH_USER_PATHS = NO;
				CLANG_ANALYZER_NONNULL = YES;
				CLANG_ANALYZER_NUMBER_OBJECT_CONVERSION = YES_AGGRESSIVE;
				CLANG_CXX_LANGUAGE_STANDARD = "gnu++14";
				CLANG_CXX_LIBRARY = "libc++";
				CLANG_ENABLE_MODULES = YES;
				CLANG_ENABLE_OBJC_ARC = YES;
				CLANG_ENABLE_OBJC_WEAK = YES;
				CLANG_WARN_BLOCK_CAPTURE_AUTORELEASING = YES;
				CLANG_WARN_BOOL_CONVERSION = YES;
				CLANG_WARN_COMMA = YES;
				CLANG_WARN_CONSTANT_CONVERSION = YES;
				CLANG_WARN_DEPRECATED_OBJC_IMPLEMENTATIONS = YES;
				CLANG_WARN_DIRECT_OBJC_ISA_USAGE = YES_ERROR;
				CLANG_WARN_DOCUMENTATION_COMMENTS = YES;
				CLANG_WARN_EMPTY_BODY = YES;
				CLANG_WARN_ENUM_CONVERSION = YES;
				CLANG_WARN_INFINITE_RECURSION = YES;
				CLANG_WARN_INT_CONVERSION = YES;
				CLANG_WARN_NON_LITERAL_NULL_CONVERSION = YES;
				CLANG_WARN_OBJC_IMPLICIT_RETAIN_SELF = YES;
				CLANG_WARN_OBJC_LITERAL_CONVERSION = YES;
				CLANG_WARN_OBJC_ROOT_CLASS = YES_ERROR;
				CLANG_WARN_RANGE_LOOP_ANALYSIS = YES;
				CLANG_WARN_STRICT_PROTOTYPES = YES;
				CLANG_WARN_SUSPICIOUS_MOVE = YES;
				CLANG_WARN_UNGUARDED_AVAILABILITY = YES_AGGRESSIVE;
				CLANG_WARN_UNREACHABLE_CODE = YES;
				CLANG_WARN__DUPLICATE_METHOD_MATCH = YES;
				CODE_SIGN_IDENTITY = "iPhone Developer";
				COPY_PHASE_STRIP = NO;
				DEBUG_INFORMATION_FORMAT = "dwarf-with-dsym";
				ENABLE_NS_ASSERTIONS = NO;
				ENABLE_STRICT_OBJC_MSGSEND = YES;
				GCC_C_LANGUAGE_STANDARD = gnu11;
				GCC_NO_COMMON_BLOCKS = YES;
				GCC_WARN_64_TO_32_BIT_CONVERSION = YES;
				GCC_WARN_ABOUT_RETURN_TYPE = YES_ERROR;
				GCC_WARN_UNDECLARED_SELECTOR = YES;
				GCC_WARN_UNINITIALIZED_AUTOS = YES_AGGRESSIVE;
				GCC_WARN_UNUSED_FUNCTION = YES;
				GCC_WARN_UNUSED_VARIABLE = YES;
				IPHONEOS_DEPLOYMENT_TARGET = 11.3;
				MTL_ENABLE_DEBUG_INFO = NO;
				SDKROOT = iphoneos;
				SWIFT_COMPILATION_MODE = wholemodule;
				SWIFT_OPTIMIZATION_LEVEL = "-O";
				VALIDATE_PRODUCT = YES;
			};
			name = Release;
		};
		0E89391F2082C65E00E43978 /* Debug */ = {
			isa = XCBuildConfiguration;
			buildSettings = {
				ASSETCATALOG_COMPILER_APPICON_NAME = AppIcon;
				CODE_SIGN_STYLE = Automatic;
				DEVELOPMENT_TEAM = "";
				INFOPLIST_FILE = rosebud/Info.plist;
				LD_RUNPATH_SEARCH_PATHS = (
					"$(inherited)",
					"@executable_path/Frameworks",
				);
				PRODUCT_BUNDLE_IDENTIFIER = com.JEV.rosebud;
				PRODUCT_NAME = "$(TARGET_NAME)";
				SWIFT_VERSION = 4.0;
				TARGETED_DEVICE_FAMILY = "1,2";
			};
			name = Debug;
		};
		0E8939202082C65E00E43978 /* Release */ = {
			isa = XCBuildConfiguration;
			buildSettings = {
				ASSETCATALOG_COMPILER_APPICON_NAME = AppIcon;
				CODE_SIGN_STYLE = Automatic;
				DEVELOPMENT_TEAM = "";
				INFOPLIST_FILE = rosebud/Info.plist;
				LD_RUNPATH_SEARCH_PATHS = (
					"$(inherited)",
					"@executable_path/Frameworks",
				);
				PRODUCT_BUNDLE_IDENTIFIER = com.JEV.rosebud;
				PRODUCT_NAME = "$(TARGET_NAME)";
				SWIFT_VERSION = 4.0;
				TARGETED_DEVICE_FAMILY = "1,2";
			};
			name = Release;
		};
		0E8939222082C65E00E43978 /* Debug */ = {
			isa = XCBuildConfiguration;
			buildSettings = {
				ALWAYS_EMBED_SWIFT_STANDARD_LIBRARIES = YES;
				BUNDLE_LOADER = "$(TEST_HOST)";
				CODE_SIGN_STYLE = Automatic;
				INFOPLIST_FILE = rosebudTests/Info.plist;
				LD_RUNPATH_SEARCH_PATHS = (
					"$(inherited)",
					"@executable_path/Frameworks",
					"@loader_path/Frameworks",
				);
				PRODUCT_BUNDLE_IDENTIFIER = com.JEV.rosebudTests;
				PRODUCT_NAME = "$(TARGET_NAME)";
				SWIFT_VERSION = 4.0;
				TARGETED_DEVICE_FAMILY = "1,2";
				TEST_HOST = "$(BUILT_PRODUCTS_DIR)/rosebud.app/rosebud";
			};
			name = Debug;
		};
		0E8939232082C65E00E43978 /* Release */ = {
			isa = XCBuildConfiguration;
			buildSettings = {
				ALWAYS_EMBED_SWIFT_STANDARD_LIBRARIES = YES;
				BUNDLE_LOADER = "$(TEST_HOST)";
				CODE_SIGN_STYLE = Automatic;
				INFOPLIST_FILE = rosebudTests/Info.plist;
				LD_RUNPATH_SEARCH_PATHS = (
					"$(inherited)",
					"@executable_path/Frameworks",
					"@loader_path/Frameworks",
				);
				PRODUCT_BUNDLE_IDENTIFIER = com.JEV.rosebudTests;
				PRODUCT_NAME = "$(TARGET_NAME)";
				SWIFT_VERSION = 4.0;
				TARGETED_DEVICE_FAMILY = "1,2";
				TEST_HOST = "$(BUILT_PRODUCTS_DIR)/rosebud.app/rosebud";
			};
			name = Release;
		};
		0E8939252082C65E00E43978 /* Debug */ = {
			isa = XCBuildConfiguration;
			buildSettings = {
				ALWAYS_EMBED_SWIFT_STANDARD_LIBRARIES = YES;
				CODE_SIGN_STYLE = Automatic;
				INFOPLIST_FILE = rosebudUITests/Info.plist;
				LD_RUNPATH_SEARCH_PATHS = (
					"$(inherited)",
					"@executable_path/Frameworks",
					"@loader_path/Frameworks",
				);
				PRODUCT_BUNDLE_IDENTIFIER = com.JEV.rosebudUITests;
				PRODUCT_NAME = "$(TARGET_NAME)";
				SWIFT_VERSION = 4.0;
				TARGETED_DEVICE_FAMILY = "1,2";
				TEST_TARGET_NAME = rosebud;
			};
			name = Debug;
		};
		0E8939262082C65E00E43978 /* Release */ = {
			isa = XCBuildConfiguration;
			buildSettings = {
				ALWAYS_EMBED_SWIFT_STANDARD_LIBRARIES = YES;
				CODE_SIGN_STYLE = Automatic;
				INFOPLIST_FILE = rosebudUITests/Info.plist;
				LD_RUNPATH_SEARCH_PATHS = (
					"$(inherited)",
					"@executable_path/Frameworks",
					"@loader_path/Frameworks",
				);
				PRODUCT_BUNDLE_IDENTIFIER = com.JEV.rosebudUITests;
				PRODUCT_NAME = "$(TARGET_NAME)";
				SWIFT_VERSION = 4.0;
				TARGETED_DEVICE_FAMILY = "1,2";
				TEST_TARGET_NAME = rosebud;
			};
			name = Release;
		};
/* End XCBuildConfiguration section */

/* Begin XCConfigurationList section */
		0E8938F12082C65B00E43978 /* Build configuration list for PBXProject "rosebud" */ = {
			isa = XCConfigurationList;
			buildConfigurations = (
				0E89391C2082C65E00E43978 /* Debug */,
				0E89391D2082C65E00E43978 /* Release */,
			);
			defaultConfigurationIsVisible = 0;
			defaultConfigurationName = Release;
		};
		0E89391E2082C65E00E43978 /* Build configuration list for PBXNativeTarget "rosebud" */ = {
			isa = XCConfigurationList;
			buildConfigurations = (
				0E89391F2082C65E00E43978 /* Debug */,
				0E8939202082C65E00E43978 /* Release */,
			);
			defaultConfigurationIsVisible = 0;
			defaultConfigurationName = Release;
		};
		0E8939212082C65E00E43978 /* Build configuration list for PBXNativeTarget "rosebudTests" */ = {
			isa = XCConfigurationList;
			buildConfigurations = (
				0E8939222082C65E00E43978 /* Debug */,
				0E8939232082C65E00E43978 /* Release */,
			);
			defaultConfigurationIsVisible = 0;
			defaultConfigurationName = Release;
		};
		0E8939242082C65E00E43978 /* Build configuration list for PBXNativeTarget "rosebudUITests" */ = {
			isa = XCConfigurationList;
			buildConfigurations = (
				0E8939252082C65E00E43978 /* Debug */,
				0E8939262082C65E00E43978 /* Release */,
			);
			defaultConfigurationIsVisible = 0;
			defaultConfigurationName = Release;
		};
/* End XCConfigurationList section */
	};
	rootObject = 0E8938EE2082C65B00E43978 /* Project object */;
}
